
Microsoft Visual Studio Solution File, Format Version 12.00
# Visual Studio 15
VisualStudioVersion = 15.0.26124.0
MinimumVisualStudioVersion = 15.0.26124.0
Project("{2150E333-8FDC-42A3-9474-1A3956D46DE8}") = "src", "src", "{88D70C1E-B7D6-4E5A-8F19-1945411574C8}"
EndProject
Project("{2150E333-8FDC-42A3-9474-1A3956D46DE8}") = "Management", "Management", "{2A374666-56AE-4770-8F93-C31AA8AB9B24}"
EndProject
Project("{FAE04EC0-301F-11D3-BF4B-00C04F79EFBC}") = "Kuwarto.Management.Tests", "src\Management\Kuwarto.Management.Tests\Kuwarto.Management.Tests.csproj", "{F7BEA12D-62B9-4C10-8A07-3527AB7B7391}"
EndProject
Global
	GlobalSection(SolutionConfigurationPlatforms) = preSolution
		Debug|Any CPU = Debug|Any CPU
		Debug|x64 = Debug|x64
		Debug|x86 = Debug|x86
		Release|Any CPU = Release|Any CPU
		Release|x64 = Release|x64
		Release|x86 = Release|x86
	EndGlobalSection
	GlobalSection(SolutionProperties) = preSolution
		HideSolutionNode = FALSE
	EndGlobalSection
	GlobalSection(ProjectConfigurationPlatforms) = postSolution
		{F7BEA12D-62B9-4C10-8A07-3527AB7B7391}.Debug|Any CPU.ActiveCfg = Debug|Any CPU
		{F7BEA12D-62B9-4C10-8A07-3527AB7B7391}.Debug|Any CPU.Build.0 = Debug|Any CPU
		{F7BEA12D-62B9-4C10-8A07-3527AB7B7391}.Debug|x64.ActiveCfg = Debug|x64
		{F7BEA12D-62B9-4C10-8A07-3527AB7B7391}.Debug|x64.Build.0 = Debug|x64
		{F7BEA12D-62B9-4C10-8A07-3527AB7B7391}.Debug|x86.ActiveCfg = Debug|x86
		{F7BEA12D-62B9-4C10-8A07-3527AB7B7391}.Debug|x86.Build.0 = Debug|x86
		{F7BEA12D-62B9-4C10-8A07-3527AB7B7391}.Release|Any CPU.ActiveCfg = Release|Any CPU
		{F7BEA12D-62B9-4C10-8A07-3527AB7B7391}.Release|Any CPU.Build.0 = Release|Any CPU
		{F7BEA12D-62B9-4C10-8A07-3527AB7B7391}.Release|x64.ActiveCfg = Release|x64
		{F7BEA12D-62B9-4C10-8A07-3527AB7B7391}.Release|x64.Build.0 = Release|x64
		{F7BEA12D-62B9-4C10-8A07-3527AB7B7391}.Release|x86.ActiveCfg = Release|x86
		{F7BEA12D-62B9-4C10-8A07-3527AB7B7391}.Release|x86.Build.0 = Release|x86
	EndGlobalSection
	GlobalSection(NestedProjects) = preSolution
		{2A374666-56AE-4770-8F93-C31AA8AB9B24} = {88D70C1E-B7D6-4E5A-8F19-1945411574C8}
		{F7BEA12D-62B9-4C10-8A07-3527AB7B7391} = {2A374666-56AE-4770-8F93-C31AA8AB9B24}
	EndGlobalSection
EndGlobal
